
Microsoft Visual Studio Solution File, Format Version 12.00
# Visual Studio Version 17
VisualStudioVersion = 17.5.33530.505
MinimumVisualStudioVersion = 10.0.40219.1
Project("{FAE04EC0-301F-11D3-BF4B-00C04F79EFBC}") = "belgeArsivYonetimSistemi", "belgeArsivYonetimSistemi.csproj", "{09BF839E-AEE9-4487-86D2-3B3DEB72D167}"
EndProject
Global
	GlobalSection(SolutionConfigurationPlatforms) = preSolution
		Debug|Any CPU = Debug|Any CPU
		Release|Any CPU = Release|Any CPU
	EndGlobalSection
	GlobalSection(ProjectConfigurationPlatforms) = postSolution
		{09BF839E-AEE9-4487-86D2-3B3DEB72D167}.Debug|Any CPU.ActiveCfg = Debug|Any CPU
		{09BF839E-AEE9-4487-86D2-3B3DEB72D167}.Debug|Any CPU.Build.0 = Debug|Any CPU
		{09BF839E-AEE9-4487-86D2-3B3DEB72D167}.Release|Any CPU.ActiveCfg = Release|Any CPU
		{09BF839E-AEE9-4487-86D2-3B3DEB72D167}.Release|Any CPU.Build.0 = Release|Any CPU
	EndGlobalSection
	GlobalSection(SolutionProperties) = preSolution
		HideSolutionNode = FALSE
	EndGlobalSection
	GlobalSection(ExtensibilityGlobals) = postSolution
		SolutionGuid = {19402A26-40EE-43EB-8186-27EAA9F578FB}
	EndGlobalSection
EndGlobal
