
Microsoft Visual Studio Solution File, Format Version 12.00
# Visual Studio Version 17
VisualStudioVersion = 17.5.33516.290
MinimumVisualStudioVersion = 10.0.40219.1
Project("{FAE04EC0-301F-11D3-BF4B-00C04F79EFBC}") = "emanetIsleri", "emanetIsleri.csproj", "{477ED69C-66E6-4443-B951-FCB0718C8ACA}"
EndProject
Global
	GlobalSection(SolutionConfigurationPlatforms) = preSolution
		Debug|Any CPU = Debug|Any CPU
		Release|Any CPU = Release|Any CPU
	EndGlobalSection
	GlobalSection(ProjectConfigurationPlatforms) = postSolution
		{477ED69C-66E6-4443-B951-FCB0718C8ACA}.Debug|Any CPU.ActiveCfg = Debug|Any CPU
		{477ED69C-66E6-4443-B951-FCB0718C8ACA}.Debug|Any CPU.Build.0 = Debug|Any CPU
		{477ED69C-66E6-4443-B951-FCB0718C8ACA}.Release|Any CPU.ActiveCfg = Release|Any CPU
		{477ED69C-66E6-4443-B951-FCB0718C8ACA}.Release|Any CPU.Build.0 = Release|Any CPU
	EndGlobalSection
	GlobalSection(SolutionProperties) = preSolution
		HideSolutionNode = FALSE
	EndGlobalSection
	GlobalSection(ExtensibilityGlobals) = postSolution
		SolutionGuid = {57CBC37D-A89D-41A0-9177-CA0272BD60B0}
	EndGlobalSection
EndGlobal
